
Microsoft Visual Studio Solution File, Format Version 12.00
# Visual Studio Version 17
VisualStudioVersion = 17.9.34622.214
MinimumVisualStudioVersion = 10.0.40219.1
Project("{FAE04EC0-301F-11D3-BF4B-00C04F79EFBC}") = "identity_service", "identity_service\identity_service.csproj", "{8C0AAB70-11CE-4CE5-875A-8830780C092A}"
EndProject
Project("{FAE04EC0-301F-11D3-BF4B-00C04F79EFBC}") = "Storage", "Storage\Storage.csproj", "{FC548B30-2376-4C5A-8242-171B5BCE84D4}"
EndProject
Project("{FAE04EC0-301F-11D3-BF4B-00C04F79EFBC}") = "Models", "Models\Models.csproj", "{48B95F66-C753-4682-AF1C-B01F74EF19A2}"
EndProject
Project("{FAE04EC0-301F-11D3-BF4B-00C04F79EFBC}") = "Service", "Service\Service.csproj", "{EAC8EF00-8E4A-4BCF-8F61-3634ED91E3E1}"
EndProject
Global
	GlobalSection(SolutionConfigurationPlatforms) = preSolution
		Debug|Any CPU = Debug|Any CPU
		Release|Any CPU = Release|Any CPU
	EndGlobalSection
	GlobalSection(ProjectConfigurationPlatforms) = postSolution
		{8C0AAB70-11CE-4CE5-875A-8830780C092A}.Debug|Any CPU.ActiveCfg = Debug|Any CPU
		{8C0AAB70-11CE-4CE5-875A-8830780C092A}.Debug|Any CPU.Build.0 = Debug|Any CPU
		{8C0AAB70-11CE-4CE5-875A-8830780C092A}.Release|Any CPU.ActiveCfg = Release|Any CPU
		{8C0AAB70-11CE-4CE5-875A-8830780C092A}.Release|Any CPU.Build.0 = Release|Any CPU
		{FC548B30-2376-4C5A-8242-171B5BCE84D4}.Debug|Any CPU.ActiveCfg = Debug|Any CPU
		{FC548B30-2376-4C5A-8242-171B5BCE84D4}.Debug|Any CPU.Build.0 = Debug|Any CPU
		{FC548B30-2376-4C5A-8242-171B5BCE84D4}.Release|Any CPU.ActiveCfg = Release|Any CPU
		{FC548B30-2376-4C5A-8242-171B5BCE84D4}.Release|Any CPU.Build.0 = Release|Any CPU
		{48B95F66-C753-4682-AF1C-B01F74EF19A2}.Debug|Any CPU.ActiveCfg = Debug|Any CPU
		{48B95F66-C753-4682-AF1C-B01F74EF19A2}.Debug|Any CPU.Build.0 = Debug|Any CPU
		{48B95F66-C753-4682-AF1C-B01F74EF19A2}.Release|Any CPU.ActiveCfg = Release|Any CPU
		{48B95F66-C753-4682-AF1C-B01F74EF19A2}.Release|Any CPU.Build.0 = Release|Any CPU
		{EAC8EF00-8E4A-4BCF-8F61-3634ED91E3E1}.Debug|Any CPU.ActiveCfg = Debug|Any CPU
		{EAC8EF00-8E4A-4BCF-8F61-3634ED91E3E1}.Debug|Any CPU.Build.0 = Debug|Any CPU
		{EAC8EF00-8E4A-4BCF-8F61-3634ED91E3E1}.Release|Any CPU.ActiveCfg = Release|Any CPU
		{EAC8EF00-8E4A-4BCF-8F61-3634ED91E3E1}.Release|Any CPU.Build.0 = Release|Any CPU
	EndGlobalSection
	GlobalSection(SolutionProperties) = preSolution
		HideSolutionNode = FALSE
	EndGlobalSection
	GlobalSection(ExtensibilityGlobals) = postSolution
		SolutionGuid = {E4D280F1-2CD7-4976-AC2A-0F2C15AC0592}
	EndGlobalSection
EndGlobal
